
Microsoft Visual Studio Solution File, Format Version 12.00
# Visual Studio Version 16
VisualStudioVersion = 16.0.29025.244
MinimumVisualStudioVersion = 10.0.40219.1
Project("{8BC9CEB8-8B4A-11D0-8D11-00A0C91BC942}") = "lab12", "lab12\lab12.vcxproj", "{B713C9B0-301C-41CC-9907-57537771E41D}"
EndProject
Global
	GlobalSection(SolutionConfigurationPlatforms) = preSolution
		Debug|x64 = Debug|x64
		Debug|x86 = Debug|x86
		Release|x64 = Release|x64
		Release|x86 = Release|x86
	EndGlobalSection
	GlobalSection(ProjectConfigurationPlatforms) = postSolution
		{B713C9B0-301C-41CC-9907-57537771E41D}.Debug|x64.ActiveCfg = Debug|x64
		{B713C9B0-301C-41CC-9907-57537771E41D}.Debug|x64.Build.0 = Debug|x64
		{B713C9B0-301C-41CC-9907-57537771E41D}.Debug|x86.ActiveCfg = Debug|Win32
		{B713C9B0-301C-41CC-9907-57537771E41D}.Debug|x86.Build.0 = Debug|Win32
		{B713C9B0-301C-41CC-9907-57537771E41D}.Release|x64.ActiveCfg = Release|x64
		{B713C9B0-301C-41CC-9907-57537771E41D}.Release|x64.Build.0 = Release|x64
		{B713C9B0-301C-41CC-9907-57537771E41D}.Release|x86.ActiveCfg = Release|Win32
		{B713C9B0-301C-41CC-9907-57537771E41D}.Release|x86.Build.0 = Release|Win32
	EndGlobalSection
	GlobalSection(SolutionProperties) = preSolution
		HideSolutionNode = FALSE
	EndGlobalSection
	GlobalSection(ExtensibilityGlobals) = postSolution
		SolutionGuid = {D63A84DF-4AC1-4519-971C-50C7653D4E3A}
	EndGlobalSection
EndGlobal
